
Microsoft Visual Studio Solution File, Format Version 12.00
# Visual Studio Version 17
VisualStudioVersion = 17.8.34316.72
MinimumVisualStudioVersion = 10.0.40219.1
Project("{FAE04EC0-301F-11D3-BF4B-00C04F79EFBC}") = "WardenBot.Discord", "WardenBot.Discord\WardenBot.Discord.csproj", "{C6CFBFDB-C68E-48DF-8B78-201FC57440E5}"
EndProject
Global
	GlobalSection(SolutionConfigurationPlatforms) = preSolution
		Debug|Any CPU = Debug|Any CPU
		Release|Any CPU = Release|Any CPU
	EndGlobalSection
	GlobalSection(ProjectConfigurationPlatforms) = postSolution
		{C6CFBFDB-C68E-48DF-8B78-201FC57440E5}.Debug|Any CPU.ActiveCfg = Debug|Any CPU
		{C6CFBFDB-C68E-48DF-8B78-201FC57440E5}.Debug|Any CPU.Build.0 = Debug|Any CPU
		{C6CFBFDB-C68E-48DF-8B78-201FC57440E5}.Release|Any CPU.ActiveCfg = Release|Any CPU
		{C6CFBFDB-C68E-48DF-8B78-201FC57440E5}.Release|Any CPU.Build.0 = Release|Any CPU
	EndGlobalSection
	GlobalSection(SolutionProperties) = preSolution
		HideSolutionNode = FALSE
	EndGlobalSection
	GlobalSection(ExtensibilityGlobals) = postSolution
		SolutionGuid = {FB41C93F-AD84-41A1-A58D-B5BFE5E43A69}
	EndGlobalSection
EndGlobal
